
Microsoft Visual Studio Solution File, Format Version 12.00
# Visual Studio 15
VisualStudioVersion = 15.0.27004.2005
MinimumVisualStudioVersion = 10.0.40219.1
Project("{9A19103F-16F7-4668-BE54-9A1E7A4F7556}") = "Evento.Api", "Evento.Api\Evento.Api.csproj", "{DC7F960C-500E-4AB9-A3C0-FE66DC94B099}"
EndProject
Project("{9A19103F-16F7-4668-BE54-9A1E7A4F7556}") = "Evento.Core", "Evento.Core\Evento.Core.csproj", "{A7A1EF0F-9DF8-4197-9704-E94DC086F0C1}"
EndProject
Project("{9A19103F-16F7-4668-BE54-9A1E7A4F7556}") = "Evento.Infrastructure", "Evento.Infrastructure\Evento.Infrastructure.csproj", "{455DE6DD-A617-4634-8759-803E4E197F8E}"
EndProject
Global
	GlobalSection(SolutionConfigurationPlatforms) = preSolution
		Debug|Any CPU = Debug|Any CPU
		Release|Any CPU = Release|Any CPU
	EndGlobalSection
	GlobalSection(ProjectConfigurationPlatforms) = postSolution
		{DC7F960C-500E-4AB9-A3C0-FE66DC94B099}.Debug|Any CPU.ActiveCfg = Debug|Any CPU
		{DC7F960C-500E-4AB9-A3C0-FE66DC94B099}.Debug|Any CPU.Build.0 = Debug|Any CPU
		{DC7F960C-500E-4AB9-A3C0-FE66DC94B099}.Release|Any CPU.ActiveCfg = Release|Any CPU
		{DC7F960C-500E-4AB9-A3C0-FE66DC94B099}.Release|Any CPU.Build.0 = Release|Any CPU
		{A7A1EF0F-9DF8-4197-9704-E94DC086F0C1}.Debug|Any CPU.ActiveCfg = Debug|Any CPU
		{A7A1EF0F-9DF8-4197-9704-E94DC086F0C1}.Debug|Any CPU.Build.0 = Debug|Any CPU
		{A7A1EF0F-9DF8-4197-9704-E94DC086F0C1}.Release|Any CPU.ActiveCfg = Release|Any CPU
		{A7A1EF0F-9DF8-4197-9704-E94DC086F0C1}.Release|Any CPU.Build.0 = Release|Any CPU
		{455DE6DD-A617-4634-8759-803E4E197F8E}.Debug|Any CPU.ActiveCfg = Debug|Any CPU
		{455DE6DD-A617-4634-8759-803E4E197F8E}.Debug|Any CPU.Build.0 = Debug|Any CPU
		{455DE6DD-A617-4634-8759-803E4E197F8E}.Release|Any CPU.ActiveCfg = Release|Any CPU
		{455DE6DD-A617-4634-8759-803E4E197F8E}.Release|Any CPU.Build.0 = Release|Any CPU
	EndGlobalSection
	GlobalSection(SolutionProperties) = preSolution
		HideSolutionNode = FALSE
	EndGlobalSection
	GlobalSection(ExtensibilityGlobals) = postSolution
		SolutionGuid = {1C1EC77C-0C2B-4628-BA69-AB1042504FBB}
	EndGlobalSection
EndGlobal
